
Microsoft Visual Studio Solution File, Format Version 12.00
# Visual Studio Version 16
VisualStudioVersion = 16.0.30804.86
MinimumVisualStudioVersion = 10.0.40219.1
Project("{9A19103F-16F7-4668-BE54-9A1E7A4F7556}") = "MysqlBlazor", "MysqlBlazor\MysqlBlazor.csproj", "{D3949AFE-B451-4FAA-8F8A-BFA925AF30E6}"
EndProject
Project("{9A19103F-16F7-4668-BE54-9A1E7A4F7556}") = "MysqlLibrary", "MysqlLibrary\MysqlLibrary.csproj", "{047185BA-277F-472C-BE00-F72CB2727F88}"
EndProject
Project("{9A19103F-16F7-4668-BE54-9A1E7A4F7556}") = "PostgresqlDemo", "PostgresqlDemo\PostgresqlDemo.csproj", "{D5FEDB75-D79B-44CB-9DD9-1D0090D878AC}"
EndProject
Project("{FAE04EC0-301F-11D3-BF4B-00C04F79EFBC}") = "MySqlApiDemo", "MySqlApiDemo\MySqlApiDemo.csproj", "{72DF24A8-64ED-4BEB-BC51-C1BBD3FEF116}"
EndProject
Global
	GlobalSection(SolutionConfigurationPlatforms) = preSolution
		Debug|Any CPU = Debug|Any CPU
		Release|Any CPU = Release|Any CPU
	EndGlobalSection
	GlobalSection(ProjectConfigurationPlatforms) = postSolution
		{D3949AFE-B451-4FAA-8F8A-BFA925AF30E6}.Debug|Any CPU.ActiveCfg = Debug|Any CPU
		{D3949AFE-B451-4FAA-8F8A-BFA925AF30E6}.Debug|Any CPU.Build.0 = Debug|Any CPU
		{D3949AFE-B451-4FAA-8F8A-BFA925AF30E6}.Release|Any CPU.ActiveCfg = Release|Any CPU
		{D3949AFE-B451-4FAA-8F8A-BFA925AF30E6}.Release|Any CPU.Build.0 = Release|Any CPU
		{047185BA-277F-472C-BE00-F72CB2727F88}.Debug|Any CPU.ActiveCfg = Debug|Any CPU
		{047185BA-277F-472C-BE00-F72CB2727F88}.Debug|Any CPU.Build.0 = Debug|Any CPU
		{047185BA-277F-472C-BE00-F72CB2727F88}.Release|Any CPU.ActiveCfg = Release|Any CPU
		{047185BA-277F-472C-BE00-F72CB2727F88}.Release|Any CPU.Build.0 = Release|Any CPU
		{D5FEDB75-D79B-44CB-9DD9-1D0090D878AC}.Debug|Any CPU.ActiveCfg = Debug|Any CPU
		{D5FEDB75-D79B-44CB-9DD9-1D0090D878AC}.Debug|Any CPU.Build.0 = Debug|Any CPU
		{D5FEDB75-D79B-44CB-9DD9-1D0090D878AC}.Release|Any CPU.ActiveCfg = Release|Any CPU
		{D5FEDB75-D79B-44CB-9DD9-1D0090D878AC}.Release|Any CPU.Build.0 = Release|Any CPU
		{72DF24A8-64ED-4BEB-BC51-C1BBD3FEF116}.Debug|Any CPU.ActiveCfg = Debug|Any CPU
		{72DF24A8-64ED-4BEB-BC51-C1BBD3FEF116}.Debug|Any CPU.Build.0 = Debug|Any CPU
		{72DF24A8-64ED-4BEB-BC51-C1BBD3FEF116}.Release|Any CPU.ActiveCfg = Release|Any CPU
		{72DF24A8-64ED-4BEB-BC51-C1BBD3FEF116}.Release|Any CPU.Build.0 = Release|Any CPU
	EndGlobalSection
	GlobalSection(SolutionProperties) = preSolution
		HideSolutionNode = FALSE
	EndGlobalSection
	GlobalSection(ExtensibilityGlobals) = postSolution
		SolutionGuid = {AF8BE4B5-E601-4DF1-A573-9C5CB750A759}
	EndGlobalSection
EndGlobal
